
Microsoft Visual Studio Solution File, Format Version 12.00
# Visual Studio 2013
VisualStudioVersion = 12.0.21005.1
MinimumVisualStudioVersion = 10.0.40219.1
Project("{FAE04EC0-301F-11D3-BF4B-00C04F79EFBC}") = "StudentManager", "StudentManager\StudentManager.csproj", "{01F236D8-8871-42A6-A5F1-D0A91C71B3CA}"
EndProject
Global
	GlobalSection(SolutionConfigurationPlatforms) = preSolution
		Debug|Any CPU = Debug|Any CPU
		Release|Any CPU = Release|Any CPU
	EndGlobalSection
	GlobalSection(ProjectConfigurationPlatforms) = postSolution
		{01F236D8-8871-42A6-A5F1-D0A91C71B3CA}.Debug|Any CPU.ActiveCfg = Debug|Any CPU
		{01F236D8-8871-42A6-A5F1-D0A91C71B3CA}.Debug|Any CPU.Build.0 = Debug|Any CPU
		{01F236D8-8871-42A6-A5F1-D0A91C71B3CA}.Release|Any CPU.ActiveCfg = Release|Any CPU
		{01F236D8-8871-42A6-A5F1-D0A91C71B3CA}.Release|Any CPU.Build.0 = Release|Any CPU
	EndGlobalSection
	GlobalSection(SolutionProperties) = preSolution
		HideSolutionNode = FALSE
	EndGlobalSection
EndGlobal
